// !$*UTF8*$!
{
	archiveVersion = 1;
	classes = {
	};
	objectVersion = 56;
	objects = {

/* Begin PBXBuildFile section */
		96878C4629112CB200E8327B /* ios_instaCloneApp.swift in Sources */ = {isa = PBXBuildFile; fileRef = 96878C4529112CB200E8327B /* ios_instaCloneApp.swift */; };
		96878C4829112CB200E8327B /* ContentView.swift in Sources */ = {isa = PBXBuildFile; fileRef = 96878C4729112CB200E8327B /* ContentView.swift */; };
		96878C4A29112CB700E8327B /* Assets.xcassets in Resources */ = {isa = PBXBuildFile; fileRef = 96878C4929112CB700E8327B /* Assets.xcassets */; };
		96878C4D29112CB700E8327B /* Preview Assets.xcassets in Resources */ = {isa = PBXBuildFile; fileRef = 96878C4C29112CB700E8327B /* Preview Assets.xcassets */; };
		96878C5729112CB800E8327B /* ios_instaCloneTests.swift in Sources */ = {isa = PBXBuildFile; fileRef = 96878C5629112CB800E8327B /* ios_instaCloneTests.swift */; };
		96878C6129112CB800E8327B /* ios_instaCloneUITests.swift in Sources */ = {isa = PBXBuildFile; fileRef = 96878C6029112CB800E8327B /* ios_instaCloneUITests.swift */; };
		96878C6329112CB800E8327B /* ios_instaCloneUITestsLaunchTests.swift in Sources */ = {isa = PBXBuildFile; fileRef = 96878C6229112CB800E8327B /* ios_instaCloneUITestsLaunchTests.swift */; };
/* End PBXBuildFile section */

/* Begin PBXContainerItemProxy section */
		96878C5329112CB800E8327B /* PBXContainerItemProxy */ = {
			isa = PBXContainerItemProxy;
			containerPortal = 96878C3A29112CB200E8327B /* Project object */;
			proxyType = 1;
			remoteGlobalIDString = 96878C4129112CB200E8327B;
			remoteInfo = ios_instaClone;
		};
		96878C5D29112CB800E8327B /* PBXContainerItemProxy */ = {
			isa = PBXContainerItemProxy;
			containerPortal = 96878C3A29112CB200E8327B /* Project object */;
			proxyType = 1;
			remoteGlobalIDString = 96878C4129112CB200E8327B;
			remoteInfo = ios_instaClone;
		};
/* End PBXContainerItemProxy section */

/* Begin PBXFileReference section */
		96878C4229112CB200E8327B /* ios_instaClone.app */ = {isa = PBXFileReference; explicitFileType = wrapper.application; includeInIndex = 0; path = ios_instaClone.app; sourceTree = BUILT_PRODUCTS_DIR; };
		96878C4529112CB200E8327B /* ios_instaCloneApp.swift */ = {isa = PBXFileReference; lastKnownFileType = sourcecode.swift; path = ios_instaCloneApp.swift; sourceTree = "<group>"; };
		96878C4729112CB200E8327B /* ContentView.swift */ = {isa = PBXFileReference; lastKnownFileType = sourcecode.swift; path = ContentView.swift; sourceTree = "<group>"; };
		96878C4929112CB700E8327B /* Assets.xcassets */ = {isa = PBXFileReference; lastKnownFileType = folder.assetcatalog; path = Assets.xcassets; sourceTree = "<group>"; };
		96878C4C29112CB700E8327B /* Preview Assets.xcassets */ = {isa = PBXFileReference; lastKnownFileType = folder.assetcatalog; path = "Preview Assets.xcassets"; sourceTree = "<group>"; };
		96878C5229112CB800E8327B /* ios_instaCloneTests.xctest */ = {isa = PBXFileReference; explicitFileType = wrapper.cfbundle; includeInIndex = 0; path = ios_instaCloneTests.xctest; sourceTree = BUILT_PRODUCTS_DIR; };
		96878C5629112CB800E8327B /* ios_instaCloneTests.swift */ = {isa = PBXFileReference; lastKnownFileType = sourcecode.swift; path = ios_instaCloneTests.swift; sourceTree = "<group>"; };
		96878C5C29112CB800E8327B /* ios_instaCloneUITests.xctest */ = {isa = PBXFileReference; explicitFileType = wrapper.cfbundle; includeInIndex = 0; path = ios_instaCloneUITests.xctest; sourceTree = BUILT_PRODUCTS_DIR; };
		96878C6029112CB800E8327B /* ios_instaCloneUITests.swift */ = {isa = PBXFileReference; lastKnownFileType = sourcecode.swift; path = ios_instaCloneUITests.swift; sourceTree = "<group>"; };
		96878C6229112CB800E8327B /* ios_instaCloneUITestsLaunchTests.swift */ = {isa = PBXFileReference; lastKnownFileType = sourcecode.swift; path = ios_instaCloneUITestsLaunchTests.swift; sourceTree = "<group>"; };
/* End PBXFileReference section */

/* Begin PBXFrameworksBuildPhase section */
		96878C3F29112CB200E8327B /* Frameworks */ = {
			isa = PBXFrameworksBuildPhase;
			buildActionMask = 2147483647;
			files = (
			);
			runOnlyForDeploymentPostprocessing = 0;
		};
		96878C4F29112CB800E8327B /* Frameworks */ = {
			isa = PBXFrameworksBuildPhase;
			buildActionMask = 2147483647;
			files = (
			);
			runOnlyForDeploymentPostprocessing = 0;
		};
		96878C5929112CB800E8327B /* Frameworks */ = {
			isa = PBXFrameworksBuildPhase;
			buildActionMask = 2147483647;
			files = (
			);
			runOnlyForDeploymentPostprocessing = 0;
		};
/* End PBXFrameworksBuildPhase section */

/* Begin PBXGroup section */
		96878C3929112CB200E8327B = {
			isa = PBXGroup;
			children = (
				96878C4429112CB200E8327B /* ios_instaClone */,
				96878C5529112CB800E8327B /* ios_instaCloneTests */,
				96878C5F29112CB800E8327B /* ios_instaCloneUITests */,
				96878C4329112CB200E8327B /* Products */,
			);
			sourceTree = "<group>";
		};
		96878C4329112CB200E8327B /* Products */ = {
			isa = PBXGroup;
			children = (
				96878C4229112CB200E8327B /* ios_instaClone.app */,
				96878C5229112CB800E8327B /* ios_instaCloneTests.xctest */,
				96878C5C29112CB800E8327B /* ios_instaCloneUITests.xctest */,
			);
			name = Products;
			sourceTree = "<group>";
		};
		96878C4429112CB200E8327B /* ios_instaClone */ = {
			isa = PBXGroup;
			children = (
				96878C4529112CB200E8327B /* ios_instaCloneApp.swift */,
				96878C4729112CB200E8327B /* ContentView.swift */,
				96878C4929112CB700E8327B /* Assets.xcassets */,
				96878C4B29112CB700E8327B /* Preview Content */,
			);
			path = ios_instaClone;
			sourceTree = "<group>";
		};
		96878C4B29112CB700E8327B /* Preview Content */ = {
			isa = PBXGroup;
			children = (
				96878C4C29112CB700E8327B /* Preview Assets.xcassets */,
			);
			path = "Preview Content";
			sourceTree = "<group>";
		};
		96878C5529112CB800E8327B /* ios_instaCloneTests */ = {
			isa = PBXGroup;
			children = (
				96878C5629112CB800E8327B /* ios_instaCloneTests.swift */,
			);
			path = ios_instaCloneTests;
			sourceTree = "<group>";
		};
		96878C5F29112CB800E8327B /* ios_instaCloneUITests */ = {
			isa = PBXGroup;
			children = (
				96878C6029112CB800E8327B /* ios_instaCloneUITests.swift */,
				96878C6229112CB800E8327B /* ios_instaCloneUITestsLaunchTests.swift */,
			);
			path = ios_instaCloneUITests;
			sourceTree = "<group>";
		};
/* End PBXGroup section */

/* Begin PBXNativeTarget section */
		96878C4129112CB200E8327B /* ios_instaClone */ = {
			isa = PBXNativeTarget;
			buildConfigurationList = 96878C6629112CB800E8327B /* Build configuration list for PBXNativeTarget "ios_instaClone" */;
			buildPhases = (
				96878C3E29112CB200E8327B /* Sources */,
				96878C3F29112CB200E8327B /* Frameworks */,
				96878C4029112CB200E8327B /* Resources */,
			);
			buildRules = (
			);
			dependencies = (
			);
			name = ios_instaClone;
			productName = ios_instaClone;
			productReference = 96878C4229112CB200E8327B /* ios_instaClone.app */;
			productType = "com.apple.product-type.application";
		};
		96878C5129112CB800E8327B /* ios_instaCloneTests */ = {
			isa = PBXNativeTarget;
			buildConfigurationList = 96878C6929112CB800E8327B /* Build configuration list for PBXNativeTarget "ios_instaCloneTests" */;
			buildPhases = (
				96878C4E29112CB800E8327B /* Sources */,
				96878C4F29112CB800E8327B /* Frameworks */,
				96878C5029112CB800E8327B /* Resources */,
			);
			buildRules = (
			);
			dependencies = (
				96878C5429112CB800E8327B /* PBXTargetDependency */,
			);
			name = ios_instaCloneTests;
			productName = ios_instaCloneTests;
			productReference = 96878C5229112CB800E8327B /* ios_instaCloneTests.xctest */;
			productType = "com.apple.product-type.bundle.unit-test";
		};
		96878C5B29112CB800E8327B /* ios_instaCloneUITests */ = {
			isa = PBXNativeTarget;
			buildConfigurationList = 96878C6C29112CB800E8327B /* Build configuration list for PBXNativeTarget "ios_instaCloneUITests" */;
			buildPhases = (
				96878C5829112CB800E8327B /* Sources */,
				96878C5929112CB800E8327B /* Frameworks */,
				96878C5A29112CB800E8327B /* Resources */,
			);
			buildRules = (
			);
			dependencies = (
				96878C5E29112CB800E8327B /* PBXTargetDependency */,
			);
			name = ios_instaCloneUITests;
			productName = ios_instaCloneUITests;
			productReference = 96878C5C29112CB800E8327B /* ios_instaCloneUITests.xctest */;
			productType = "com.apple.product-type.bundle.ui-testing";
		};
/* End PBXNativeTarget section */

/* Begin PBXProject section */
		96878C3A29112CB200E8327B /* Project object */ = {
			isa = PBXProject;
			attributes = {
				BuildIndependentTargetsInParallel = 1;
				LastSwiftUpdateCheck = 1400;
				LastUpgradeCheck = 1400;
				TargetAttributes = {
					96878C4129112CB200E8327B = {
						CreatedOnToolsVersion = 14.0.1;
					};
					96878C5129112CB800E8327B = {
						CreatedOnToolsVersion = 14.0.1;
						TestTargetID = 96878C4129112CB200E8327B;
					};
					96878C5B29112CB800E8327B = {
						CreatedOnToolsVersion = 14.0.1;
						TestTargetID = 96878C4129112CB200E8327B;
					};
				};
			};
			buildConfigurationList = 96878C3D29112CB200E8327B /* Build configuration list for PBXProject "ios_instaClone" */;
			compatibilityVersion = "Xcode 14.0";
			developmentRegion = en;
			hasScannedForEncodings = 0;
			knownRegions = (
				en,
				Base,
			);
			mainGroup = 96878C3929112CB200E8327B;
			productRefGroup = 96878C4329112CB200E8327B /* Products */;
			projectDirPath = "";
			projectRoot = "";
			targets = (
				96878C4129112CB200E8327B /* ios_instaClone */,
				96878C5129112CB800E8327B /* ios_instaCloneTests */,
				96878C5B29112CB800E8327B /* ios_instaCloneUITests */,
			);
		};
/* End PBXProject section */

/* Begin PBXResourcesBuildPhase section */
		96878C4029112CB200E8327B /* Resources */ = {
			isa = PBXResourcesBuildPhase;
			buildActionMask = 2147483647;
			files = (
				96878C4D29112CB700E8327B /* Preview Assets.xcassets in Resources */,
				96878C4A29112CB700E8327B /* Assets.xcassets in Resources */,
			);
			runOnlyForDeploymentPostprocessing = 0;
		};
		96878C5029112CB800E8327B /* Resources */ = {
			isa = PBXResourcesBuildPhase;
			buildActionMask = 2147483647;
			files = (
			);
			runOnlyForDeploymentPostprocessing = 0;
		};
		96878C5A29112CB800E8327B /* Resources */ = {
			isa = PBXResourcesBuildPhase;
			buildActionMask = 2147483647;
			files = (
			);
			runOnlyForDeploymentPostprocessing = 0;
		};
/* End PBXResourcesBuildPhase section */

/* Begin PBXSourcesBuildPhase section */
		96878C3E29112CB200E8327B /* Sources */ = {
			isa = PBXSourcesBuildPhase;
			buildActionMask = 2147483647;
			files = (
				96878C4829112CB200E8327B /* ContentView.swift in Sources */,
				96878C4629112CB200E8327B /* ios_instaCloneApp.swift in Sources */,
			);
			runOnlyForDeploymentPostprocessing = 0;
		};
		96878C4E29112CB800E8327B /* Sources */ = {
			isa = PBXSourcesBuildPhase;
			buildActionMask = 2147483647;
			files = (
				96878C5729112CB800E8327B /* ios_instaCloneTests.swift in Sources */,
			);
			runOnlyForDeploymentPostprocessing = 0;
		};
		96878C5829112CB800E8327B /* Sources */ = {
			isa = PBXSourcesBuildPhase;
			buildActionMask = 2147483647;
			files = (
				96878C6329112CB800E8327B /* ios_instaCloneUITestsLaunchTests.swift in Sources */,
				96878C6129112CB800E8327B /* ios_instaCloneUITests.swift in Sources */,
			);
			runOnlyForDeploymentPostprocessing = 0;
		};
/* End PBXSourcesBuildPhase section */

/* Begin PBXTargetDependency section */
		96878C5429112CB800E8327B /* PBXTargetDependency */ = {
			isa = PBXTargetDependency;
			target = 96878C4129112CB200E8327B /* ios_instaClone */;
			targetProxy = 96878C5329112CB800E8327B /* PBXContainerItemProxy */;
		};
		96878C5E29112CB800E8327B /* PBXTargetDependency */ = {
			isa = PBXTargetDependency;
			target = 96878C4129112CB200E8327B /* ios_instaClone */;
			targetProxy = 96878C5D29112CB800E8327B /* PBXContainerItemProxy */;
		};
/* End PBXTargetDependency section */

/* Begin XCBuildConfiguration section */
		96878C6429112CB800E8327B /* Debug */ = {
			isa = XCBuildConfiguration;
			buildSettings = {
				ALWAYS_SEARCH_USER_PATHS = NO;
				CLANG_ANALYZER_NONNULL = YES;
				CLANG_ANALYZER_NUMBER_OBJECT_CONVERSION = YES_AGGRESSIVE;
				CLANG_CXX_LANGUAGE_STANDARD = "gnu++20";
				CLANG_ENABLE_MODULES = YES;
				CLANG_ENABLE_OBJC_ARC = YES;
				CLANG_ENABLE_OBJC_WEAK = YES;
				CLANG_WARN_BLOCK_CAPTURE_AUTORELEASING = YES;
				CLANG_WARN_BOOL_CONVERSION = YES;
				CLANG_WARN_COMMA = YES;
				CLANG_WARN_CONSTANT_CONVERSION = YES;
				CLANG_WARN_DEPRECATED_OBJC_IMPLEMENTATIONS = YES;
				CLANG_WARN_DIRECT_OBJC_ISA_USAGE = YES_ERROR;
				CLANG_WARN_DOCUMENTATION_COMMENTS = YES;
				CLANG_WARN_EMPTY_BODY = YES;
				CLANG_WARN_ENUM_CONVERSION = YES;
				CLANG_WARN_INFINITE_RECURSION = YES;
				CLANG_WARN_INT_CONVERSION = YES;
				CLANG_WARN_NON_LITERAL_NULL_CONVERSION = YES;
				CLANG_WARN_OBJC_IMPLICIT_RETAIN_SELF = YES;
				CLANG_WARN_OBJC_LITERAL_CONVERSION = YES;
				CLANG_WARN_OBJC_ROOT_CLASS = YES_ERROR;
				CLANG_WARN_QUOTED_INCLUDE_IN_FRAMEWORK_HEADER = YES;
				CLANG_WARN_RANGE_LOOP_ANALYSIS = YES;
				CLANG_WARN_STRICT_PROTOTYPES = YES;
				CLANG_WARN_SUSPICIOUS_MOVE = YES;
				CLANG_WARN_UNGUARDED_AVAILABILITY = YES_AGGRESSIVE;
				CLANG_WARN_UNREACHABLE_CODE = YES;
				CLANG_WARN__DUPLICATE_METHOD_MATCH = YES;
				COPY_PHASE_STRIP = NO;
				DEBUG_INFORMATION_FORMAT = dwarf;
				ENABLE_STRICT_OBJC_MSGSEND = YES;
				ENABLE_TESTABILITY = YES;
				GCC_C_LANGUAGE_STANDARD = gnu11;
				GCC_DYNAMIC_NO_PIC = NO;
				GCC_NO_COMMON_BLOCKS = YES;
				GCC_OPTIMIZATION_LEVEL = 0;
				GCC_PREPROCESSOR_DEFINITIONS = (
					"DEBUG=1",
					"$(inherited)",
				);
				GCC_WARN_64_TO_32_BIT_CONVERSION = YES;
				GCC_WARN_ABOUT_RETURN_TYPE = YES_ERROR;
				GCC_WARN_UNDECLARED_SELECTOR = YES;
				GCC_WARN_UNINITIALIZED_AUTOS = YES_AGGRESSIVE;
				GCC_WARN_UNUSED_FUNCTION = YES;
				GCC_WARN_UNUSED_VARIABLE = YES;
				IPHONEOS_DEPLOYMENT_TARGET = 16.0;
				MTL_ENABLE_DEBUG_INFO = INCLUDE_SOURCE;
				MTL_FAST_MATH = YES;
				ONLY_ACTIVE_ARCH = YES;
				SDKROOT = iphoneos;
				SWIFT_ACTIVE_COMPILATION_CONDITIONS = DEBUG;
				SWIFT_OPTIMIZATION_LEVEL = "-Onone";
			};
			name = Debug;
		};
		96878C6529112CB800E8327B /* Release */ = {
			isa = XCBuildConfiguration;
			buildSettings = {
				ALWAYS_SEARCH_USER_PATHS = NO;
				CLANG_ANALYZER_NONNULL = YES;
				CLANG_ANALYZER_NUMBER_OBJECT_CONVERSION = YES_AGGRESSIVE;
				CLANG_CXX_LANGUAGE_STANDARD = "gnu++20";
				CLANG_ENABLE_MODULES = YES;
				CLANG_ENABLE_OBJC_ARC = YES;
				CLANG_ENABLE_OBJC_WEAK = YES;
				CLANG_WARN_BLOCK_CAPTURE_AUTORELEASING = YES;
				CLANG_WARN_BOOL_CONVERSION = YES;
				CLANG_WARN_COMMA = YES;
				CLANG_WARN_CONSTANT_CONVERSION = YES;
				CLANG_WARN_DEPRECATED_OBJC_IMPLEMENTATIONS = YES;
				CLANG_WARN_DIRECT_OBJC_ISA_USAGE = YES_ERROR;
				CLANG_WARN_DOCUMENTATION_COMMENTS = YES;
				CLANG_WARN_EMPTY_BODY = YES;
				CLANG_WARN_ENUM_CONVERSION = YES;
				CLANG_WARN_INFINITE_RECURSION = YES;
				CLANG_WARN_INT_CONVERSION = YES;
				CLANG_WARN_NON_LITERAL_NULL_CONVERSION = YES;
				CLANG_WARN_OBJC_IMPLICIT_RETAIN_SELF = YES;
				CLANG_WARN_OBJC_LITERAL_CONVERSION = YES;
				CLANG_WARN_OBJC_ROOT_CLASS = YES_ERROR;
				CLANG_WARN_QUOTED_INCLUDE_IN_FRAMEWORK_HEADER = YES;
				CLANG_WARN_RANGE_LOOP_ANALYSIS = YES;
				CLANG_WARN_STRICT_PROTOTYPES = YES;
				CLANG_WARN_SUSPICIOUS_MOVE = YES;
				CLANG_WARN_UNGUARDED_AVAILABILITY = YES_AGGRESSIVE;
				CLANG_WARN_UNREACHABLE_CODE = YES;
				CLANG_WARN__DUPLICATE_METHOD_MATCH = YES;
				COPY_PHASE_STRIP = NO;
				DEBUG_INFORMATION_FORMAT = "dwarf-with-dsym";
				ENABLE_NS_ASSERTIONS = NO;
				ENABLE_STRICT_OBJC_MSGSEND = YES;
				GCC_C_LANGUAGE_STANDARD = gnu11;
				GCC_NO_COMMON_BLOCKS = YES;
				GCC_WARN_64_TO_32_BIT_CONVERSION = YES;
				GCC_WARN_ABOUT_RETURN_TYPE = YES_ERROR;
				GCC_WARN_UNDECLARED_SELECTOR = YES;
				GCC_WARN_UNINITIALIZED_AUTOS = YES_AGGRESSIVE;
				GCC_WARN_UNUSED_FUNCTION = YES;
				GCC_WARN_UNUSED_VARIABLE = YES;
				IPHONEOS_DEPLOYMENT_TARGET = 16.0;
				MTL_ENABLE_DEBUG_INFO = NO;
				MTL_FAST_MATH = YES;
				SDKROOT = iphoneos;
				SWIFT_COMPILATION_MODE = wholemodule;
				SWIFT_OPTIMIZATION_LEVEL = "-O";
				VALIDATE_PRODUCT = YES;
			};
			name = Release;
		};
		96878C6729112CB800E8327B /* Debug */ = {
			isa = XCBuildConfiguration;
			buildSettings = {
				ASSETCATALOG_COMPILER_APPICON_NAME = AppIcon;
				ASSETCATALOG_COMPILER_GLOBAL_ACCENT_COLOR_NAME = AccentColor;
				CODE_SIGN_STYLE = Automatic;
				CURRENT_PROJECT_VERSION = 1;
				DEVELOPMENT_ASSET_PATHS = "\"ios_instaClone/Preview Content\"";
				ENABLE_PREVIEWS = YES;
				GENERATE_INFOPLIST_FILE = YES;
				INFOPLIST_KEY_UIApplicationSceneManifest_Generation = YES;
				INFOPLIST_KEY_UIApplicationSupportsIndirectInputEvents = YES;
				INFOPLIST_KEY_UILaunchScreen_Generation = YES;
				INFOPLIST_KEY_UISupportedInterfaceOrientations_iPad = "UIInterfaceOrientationPortrait UIInterfaceOrientationPortraitUpsideDown UIInterfaceOrientationLandscapeLeft UIInterfaceOrientationLandscapeRight";
				INFOPLIST_KEY_UISupportedInterfaceOrientations_iPhone = "UIInterfaceOrientationPortrait UIInterfaceOrientationLandscapeLeft UIInterfaceOrientationLandscapeRight";
				LD_RUNPATH_SEARCH_PATHS = (
					"$(inherited)",
					"@executable_path/Frameworks",
				);
				MARKETING_VERSION = 1.0;
				PRODUCT_BUNDLE_IDENTIFIER = "Mysolt.ios-instaClone";
				PRODUCT_NAME = "$(TARGET_NAME)";
				SWIFT_EMIT_LOC_STRINGS = YES;
				SWIFT_VERSION = 5.0;
				TARGETED_DEVICE_FAMILY = "1,2";
			};
			name = Debug;
		};
		96878C6829112CB800E8327B /* Release */ = {
			isa = XCBuildConfiguration;
			buildSettings = {
				ASSETCATALOG_COMPILER_APPICON_NAME = AppIcon;
				ASSETCATALOG_COMPILER_GLOBAL_ACCENT_COLOR_NAME = AccentColor;
				CODE_SIGN_STYLE = Automatic;
				CURRENT_PROJECT_VERSION = 1;
				DEVELOPMENT_ASSET_PATHS = "\"ios_instaClone/Preview Content\"";
				ENABLE_PREVIEWS = YES;
				GENERATE_INFOPLIST_FILE = YES;
				INFOPLIST_KEY_UIApplicationSceneManifest_Generation = YES;
				INFOPLIST_KEY_UIApplicationSupportsIndirectInputEvents = YES;
				INFOPLIST_KEY_UILaunchScreen_Generation = YES;
				INFOPLIST_KEY_UISupportedInterfaceOrientations_iPad = "UIInterfaceOrientationPortrait UIInterfaceOrientationPortraitUpsideDown UIInterfaceOrientationLandscapeLeft UIInterfaceOrientationLandscapeRight";
				INFOPLIST_KEY_UISupportedInterfaceOrientations_iPhone = "UIInterfaceOrientationPortrait UIInterfaceOrientationLandscapeLeft UIInterfaceOrientationLandscapeRight";
				LD_RUNPATH_SEARCH_PATHS = (
					"$(inherited)",
					"@executable_path/Frameworks",
				);
				MARKETING_VERSION = 1.0;
				PRODUCT_BUNDLE_IDENTIFIER = "Mysolt.ios-instaClone";
				PRODUCT_NAME = "$(TARGET_NAME)";
				SWIFT_EMIT_LOC_STRINGS = YES;
				SWIFT_VERSION = 5.0;
				TARGETED_DEVICE_FAMILY = "1,2";
			};
			name = Release;
		};
		96878C6A29112CB800E8327B /* Debug */ = {
			isa = XCBuildConfiguration;
			buildSettings = {
				ALWAYS_EMBED_SWIFT_STANDARD_LIBRARIES = YES;
				BUNDLE_LOADER = "$(TEST_HOST)";
				CODE_SIGN_STYLE = Automatic;
				CURRENT_PROJECT_VERSION = 1;
				GENERATE_INFOPLIST_FILE = YES;
				IPHONEOS_DEPLOYMENT_TARGET = 16.0;
				MARKETING_VERSION = 1.0;
				PRODUCT_BUNDLE_IDENTIFIER = "Mysolt.ios-instaCloneTests";
				PRODUCT_NAME = "$(TARGET_NAME)";
				SWIFT_EMIT_LOC_STRINGS = NO;
				SWIFT_VERSION = 5.0;
				TARGETED_DEVICE_FAMILY = "1,2";
				TEST_HOST = "$(BUILT_PRODUCTS_DIR)/ios_instaClone.app/$(BUNDLE_EXECUTABLE_FOLDER_PATH)/ios_instaClone";
			};
			name = Debug;
		};
		96878C6B29112CB800E8327B /* Release */ = {
			isa = XCBuildConfiguration;
			buildSettings = {
				ALWAYS_EMBED_SWIFT_STANDARD_LIBRARIES = YES;
				BUNDLE_LOADER = "$(TEST_HOST)";
				CODE_SIGN_STYLE = Automatic;
				CURRENT_PROJECT_VERSION = 1;
				GENERATE_INFOPLIST_FILE = YES;
				IPHONEOS_DEPLOYMENT_TARGET = 16.0;
				MARKETING_VERSION = 1.0;
				PRODUCT_BUNDLE_IDENTIFIER = "Mysolt.ios-instaCloneTests";
				PRODUCT_NAME = "$(TARGET_NAME)";
				SWIFT_EMIT_LOC_STRINGS = NO;
				SWIFT_VERSION = 5.0;
				TARGETED_DEVICE_FAMILY = "1,2";
				TEST_HOST = "$(BUILT_PRODUCTS_DIR)/ios_instaClone.app/$(BUNDLE_EXECUTABLE_FOLDER_PATH)/ios_instaClone";
			};
			name = Release;
		};
		96878C6D29112CB800E8327B /* Debug */ = {
			isa = XCBuildConfiguration;
			buildSettings = {
				ALWAYS_EMBED_SWIFT_STANDARD_LIBRARIES = YES;
				CODE_SIGN_STYLE = Automatic;
				CURRENT_PROJECT_VERSION = 1;
				GENERATE_INFOPLIST_FILE = YES;
				MARKETING_VERSION = 1.0;
				PRODUCT_BUNDLE_IDENTIFIER = "Mysolt.ios-instaCloneUITests";
				PRODUCT_NAME = "$(TARGET_NAME)";
				SWIFT_EMIT_LOC_STRINGS = NO;
				SWIFT_VERSION = 5.0;
				TARGETED_DEVICE_FAMILY = "1,2";
				TEST_TARGET_NAME = ios_instaClone;
			};
			name = Debug;
		};
		96878C6E29112CB800E8327B /* Release */ = {
			isa = XCBuildConfiguration;
			buildSettings = {
				ALWAYS_EMBED_SWIFT_STANDARD_LIBRARIES = YES;
				CODE_SIGN_STYLE = Automatic;
				CURRENT_PROJECT_VERSION = 1;
				GENERATE_INFOPLIST_FILE = YES;
				MARKETING_VERSION = 1.0;
				PRODUCT_BUNDLE_IDENTIFIER = "Mysolt.ios-instaCloneUITests";
				PRODUCT_NAME = "$(TARGET_NAME)";
				SWIFT_EMIT_LOC_STRINGS = NO;
				SWIFT_VERSION = 5.0;
				TARGETED_DEVICE_FAMILY = "1,2";
				TEST_TARGET_NAME = ios_instaClone;
			};
			name = Release;
		};
/* End XCBuildConfiguration section */

/* Begin XCConfigurationList section */
		96878C3D29112CB200E8327B /* Build configuration list for PBXProject "ios_instaClone" */ = {
			isa = XCConfigurationList;
			buildConfigurations = (
				96878C6429112CB800E8327B /* Debug */,
				96878C6529112CB800E8327B /* Release */,
			);
			defaultConfigurationIsVisible = 0;
			defaultConfigurationName = Release;
		};
		96878C6629112CB800E8327B /* Build configuration list for PBXNativeTarget "ios_instaClone" */ = {
			isa = XCConfigurationList;
			buildConfigurations = (
				96878C6729112CB800E8327B /* Debug */,
				96878C6829112CB800E8327B /* Release */,
			);
			defaultConfigurationIsVisible = 0;
			defaultConfigurationName = Release;
		};
		96878C6929112CB800E8327B /* Build configuration list for PBXNativeTarget "ios_instaCloneTests" */ = {
			isa = XCConfigurationList;
			buildConfigurations = (
				96878C6A29112CB800E8327B /* Debug */,
				96878C6B29112CB800E8327B /* Release */,
			);
			defaultConfigurationIsVisible = 0;
			defaultConfigurationName = Release;
		};
		96878C6C29112CB800E8327B /* Build configuration list for PBXNativeTarget "ios_instaCloneUITests" */ = {
			isa = XCConfigurationList;
			buildConfigurations = (
				96878C6D29112CB800E8327B /* Debug */,
				96878C6E29112CB800E8327B /* Release */,
			);
			defaultConfigurationIsVisible = 0;
			defaultConfigurationName = Release;
		};
/* End XCConfigurationList section */
	};
	rootObject = 96878C3A29112CB200E8327B /* Project object */;
}
